
Microsoft Visual Studio Solution File, Format Version 12.00
# Visual Studio Version 16
VisualStudioVersion = 16.0.31624.102
MinimumVisualStudioVersion = 10.0.40219.1
Project("{9A19103F-16F7-4668-BE54-9A1E7A4F7556}") = "API", "OB-BE-dotnet\API.csproj", "{8C3B16B2-1A4F-4095-BD26-2D7F33312574}"
EndProject
Project("{9A19103F-16F7-4668-BE54-9A1E7A4F7556}") = "BLL", "ClassLibrary1\BLL.csproj", "{9F272085-5F96-42BE-89F3-7D14A14D40AB}"
EndProject
Project("{9A19103F-16F7-4668-BE54-9A1E7A4F7556}") = "DAL", "DAL\DAL.csproj", "{C4AB9BD5-9AAD-4AA5-9A3A-B0CED525D7ED}"
EndProject
Project("{9A19103F-16F7-4668-BE54-9A1E7A4F7556}") = "Scheduler", "Scheduler\Scheduler.csproj", "{8D6B08CC-5270-462D-A443-E9C8E75006B3}"
EndProject
Project("{FAE04EC0-301F-11D3-BF4B-00C04F79EFBC}") = "BLL.Test", "BLL.Test\BLL.Test.csproj", "{8E839D87-9476-4F16-A3F7-9F04EDC83C7A}"
EndProject
Global
	GlobalSection(SolutionConfigurationPlatforms) = preSolution
		Debug|Any CPU = Debug|Any CPU
		Release|Any CPU = Release|Any CPU
	EndGlobalSection
	GlobalSection(ProjectConfigurationPlatforms) = postSolution
		{8C3B16B2-1A4F-4095-BD26-2D7F33312574}.Debug|Any CPU.ActiveCfg = Debug|Any CPU
		{8C3B16B2-1A4F-4095-BD26-2D7F33312574}.Debug|Any CPU.Build.0 = Debug|Any CPU
		{8C3B16B2-1A4F-4095-BD26-2D7F33312574}.Release|Any CPU.ActiveCfg = Release|Any CPU
		{8C3B16B2-1A4F-4095-BD26-2D7F33312574}.Release|Any CPU.Build.0 = Release|Any CPU
		{9F272085-5F96-42BE-89F3-7D14A14D40AB}.Debug|Any CPU.ActiveCfg = Debug|Any CPU
		{9F272085-5F96-42BE-89F3-7D14A14D40AB}.Debug|Any CPU.Build.0 = Debug|Any CPU
		{9F272085-5F96-42BE-89F3-7D14A14D40AB}.Release|Any CPU.ActiveCfg = Release|Any CPU
		{9F272085-5F96-42BE-89F3-7D14A14D40AB}.Release|Any CPU.Build.0 = Release|Any CPU
		{C4AB9BD5-9AAD-4AA5-9A3A-B0CED525D7ED}.Debug|Any CPU.ActiveCfg = Debug|Any CPU
		{C4AB9BD5-9AAD-4AA5-9A3A-B0CED525D7ED}.Debug|Any CPU.Build.0 = Debug|Any CPU
		{C4AB9BD5-9AAD-4AA5-9A3A-B0CED525D7ED}.Release|Any CPU.ActiveCfg = Release|Any CPU
		{C4AB9BD5-9AAD-4AA5-9A3A-B0CED525D7ED}.Release|Any CPU.Build.0 = Release|Any CPU
		{8D6B08CC-5270-462D-A443-E9C8E75006B3}.Debug|Any CPU.ActiveCfg = Debug|Any CPU
		{8D6B08CC-5270-462D-A443-E9C8E75006B3}.Debug|Any CPU.Build.0 = Debug|Any CPU
		{8D6B08CC-5270-462D-A443-E9C8E75006B3}.Release|Any CPU.ActiveCfg = Release|Any CPU
		{8D6B08CC-5270-462D-A443-E9C8E75006B3}.Release|Any CPU.Build.0 = Release|Any CPU
		{8E839D87-9476-4F16-A3F7-9F04EDC83C7A}.Debug|Any CPU.ActiveCfg = Debug|Any CPU
		{8E839D87-9476-4F16-A3F7-9F04EDC83C7A}.Debug|Any CPU.Build.0 = Debug|Any CPU
		{8E839D87-9476-4F16-A3F7-9F04EDC83C7A}.Release|Any CPU.ActiveCfg = Release|Any CPU
		{8E839D87-9476-4F16-A3F7-9F04EDC83C7A}.Release|Any CPU.Build.0 = Release|Any CPU
	EndGlobalSection
	GlobalSection(SolutionProperties) = preSolution
		HideSolutionNode = FALSE
	EndGlobalSection
	GlobalSection(ExtensibilityGlobals) = postSolution
		SolutionGuid = {64A909FF-7E1A-4E82-907C-83343A7AF8BF}
	EndGlobalSection
EndGlobal
